// !$*UTF8*$!
{
	archiveVersion = 1;
	classes = {
	};
	objectVersion = 46;
	objects = {

/* Begin PBXBuildFile section */
		3F1425541F07DAB500BF3088 /* WebViewController.m in Sources */ = {isa = PBXBuildFile; fileRef = 3F1425531F07DAB500BF3088 /* WebViewController.m */; };
		3FFB9CCC1F0778E900BD57B7 /* BollyTableViewCell.m in Sources */ = {isa = PBXBuildFile; fileRef = 3FFB9CCB1F0778E900BD57B7 /* BollyTableViewCell.m */; };
		3FFB9CCF1F07791500BD57B7 /* CricketTableViewCell.m in Sources */ = {isa = PBXBuildFile; fileRef = 3FFB9CCE1F07791500BD57B7 /* CricketTableViewCell.m */; };
		3FFB9CD51F077E5F00BD57B7 /* Allu Arjun.jpg in Resources */ = {isa = PBXBuildFile; fileRef = 3FFB9CD11F077E5F00BD57B7 /* Allu Arjun.jpg */; };
		3FFB9CD61F077E5F00BD57B7 /* maheshBabu.jpeg in Resources */ = {isa = PBXBuildFile; fileRef = 3FFB9CD21F077E5F00BD57B7 /* maheshBabu.jpeg */; };
		3FFB9CD71F077E5F00BD57B7 /* nani.jpg in Resources */ = {isa = PBXBuildFile; fileRef = 3FFB9CD31F077E5F00BD57B7 /* nani.jpg */; };
		3FFB9CD81F077E5F00BD57B7 /* Pawan2.jpeg in Resources */ = {isa = PBXBuildFile; fileRef = 3FFB9CD41F077E5F00BD57B7 /* Pawan2.jpeg */; };
		3FFB9CDE1F077ED800BD57B7 /* aamir.jpg in Resources */ = {isa = PBXBuildFile; fileRef = 3FFB9CDA1F077ED800BD57B7 /* aamir.jpg */; };
		3FFB9CDF1F077ED800BD57B7 /* Hrithik-Roshan.jpg in Resources */ = {isa = PBXBuildFile; fileRef = 3FFB9CDB1F077ED800BD57B7 /* Hrithik-Roshan.jpg */; };
		3FFB9CE01F077ED800BD57B7 /* john-abraham.png in Resources */ = {isa = PBXBuildFile; fileRef = 3FFB9CDC1F077ED800BD57B7 /* john-abraham.png */; };
		3FFB9CE11F077ED800BD57B7 /* salman-khan.jpg in Resources */ = {isa = PBXBuildFile; fileRef = 3FFB9CDD1F077ED800BD57B7 /* salman-khan.jpg */; };
		3FFB9CE71F077EEA00BD57B7 /* Dhoni.jpeg in Resources */ = {isa = PBXBuildFile; fileRef = 3FFB9CE31F077EEA00BD57B7 /* Dhoni.jpeg */; };
		3FFB9CE81F077EEA00BD57B7 /* jadhav.jpg in Resources */ = {isa = PBXBuildFile; fileRef = 3FFB9CE41F077EEA00BD57B7 /* jadhav.jpg */; };
		3FFB9CE91F077EEA00BD57B7 /* Virat.jpeg in Resources */ = {isa = PBXBuildFile; fileRef = 3FFB9CE51F077EEA00BD57B7 /* Virat.jpeg */; };
		3FFB9CEA1F077EEA00BD57B7 /* yuvi.jpeg in Resources */ = {isa = PBXBuildFile; fileRef = 3FFB9CE61F077EEA00BD57B7 /* yuvi.jpeg */; };
		3FFCB81B1F075ED100E592B1 /* main.m in Sources */ = {isa = PBXBuildFile; fileRef = 3FFCB81A1F075ED100E592B1 /* main.m */; };
		3FFCB81E1F075ED100E592B1 /* AppDelegate.m in Sources */ = {isa = PBXBuildFile; fileRef = 3FFCB81D1F075ED100E592B1 /* AppDelegate.m */; };
		3FFCB8211F075ED100E592B1 /* ViewController.m in Sources */ = {isa = PBXBuildFile; fileRef = 3FFCB8201F075ED100E592B1 /* ViewController.m */; };
		3FFCB8241F075ED100E592B1 /* Main.storyboard in Resources */ = {isa = PBXBuildFile; fileRef = 3FFCB8221F075ED100E592B1 /* Main.storyboard */; };
		3FFCB8261F075ED100E592B1 /* Assets.xcassets in Resources */ = {isa = PBXBuildFile; fileRef = 3FFCB8251F075ED100E592B1 /* Assets.xcassets */; };
		3FFCB8291F075ED100E592B1 /* LaunchScreen.storyboard in Resources */ = {isa = PBXBuildFile; fileRef = 3FFCB8271F075ED100E592B1 /* LaunchScreen.storyboard */; };
		3FFCB8321F0766A600E592B1 /* MYTableViewController.m in Sources */ = {isa = PBXBuildFile; fileRef = 3FFCB8311F0766A600E592B1 /* MYTableViewController.m */; };
		3FFCB8351F07673C00E592B1 /* TollyTableViewCell.m in Sources */ = {isa = PBXBuildFile; fileRef = 3FFCB8341F07673C00E592B1 /* TollyTableViewCell.m */; };
/* End PBXBuildFile section */

/* Begin PBXFileReference section */
		3F1425521F07DAB500BF3088 /* WebViewController.h */ = {isa = PBXFileReference; fileEncoding = 4; lastKnownFileType = sourcecode.c.h; path = WebViewController.h; sourceTree = "<group>"; };
		3F1425531F07DAB500BF3088 /* WebViewController.m */ = {isa = PBXFileReference; fileEncoding = 4; lastKnownFileType = sourcecode.c.objc; path = WebViewController.m; sourceTree = "<group>"; };
		3FFB9CCA1F0778E900BD57B7 /* BollyTableViewCell.h */ = {isa = PBXFileReference; fileEncoding = 4; lastKnownFileType = sourcecode.c.h; path = BollyTableViewCell.h; sourceTree = "<group>"; };
		3FFB9CCB1F0778E900BD57B7 /* BollyTableViewCell.m */ = {isa = PBXFileReference; fileEncoding = 4; lastKnownFileType = sourcecode.c.objc; path = BollyTableViewCell.m; sourceTree = "<group>"; };
		3FFB9CCD1F07791500BD57B7 /* CricketTableViewCell.h */ = {isa = PBXFileReference; fileEncoding = 4; lastKnownFileType = sourcecode.c.h; path = CricketTableViewCell.h; sourceTree = "<group>"; };
		3FFB9CCE1F07791500BD57B7 /* CricketTableViewCell.m */ = {isa = PBXFileReference; fileEncoding = 4; lastKnownFileType = sourcecode.c.objc; path = CricketTableViewCell.m; sourceTree = "<group>"; };
		3FFB9CD11F077E5F00BD57B7 /* Allu Arjun.jpg */ = {isa = PBXFileReference; lastKnownFileType = image.jpeg; path = "Allu Arjun.jpg"; sourceTree = "<group>"; };
		3FFB9CD21F077E5F00BD57B7 /* maheshBabu.jpeg */ = {isa = PBXFileReference; lastKnownFileType = image.jpeg; path = maheshBabu.jpeg; sourceTree = "<group>"; };
		3FFB9CD31F077E5F00BD57B7 /* nani.jpg */ = {isa = PBXFileReference; lastKnownFileType = image.jpeg; path = nani.jpg; sourceTree = "<group>"; };
		3FFB9CD41F077E5F00BD57B7 /* Pawan2.jpeg */ = {isa = PBXFileReference; lastKnownFileType = image.jpeg; path = Pawan2.jpeg; sourceTree = "<group>"; };
		3FFB9CDA1F077ED800BD57B7 /* aamir.jpg */ = {isa = PBXFileReference; lastKnownFileType = image.jpeg; path = aamir.jpg; sourceTree = "<group>"; };
		3FFB9CDB1F077ED800BD57B7 /* Hrithik-Roshan.jpg */ = {isa = PBXFileReference; lastKnownFileType = image.jpeg; path = "Hrithik-Roshan.jpg"; sourceTree = "<group>"; };
		3FFB9CDC1F077ED800BD57B7 /* john-abraham.png */ = {isa = PBXFileReference; lastKnownFileType = image.png; path = "john-abraham.png"; sourceTree = "<group>"; };
		3FFB9CDD1F077ED800BD57B7 /* salman-khan.jpg */ = {isa = PBXFileReference; lastKnownFileType = image.jpeg; path = "salman-khan.jpg"; sourceTree = "<group>"; };
		3FFB9CE31F077EEA00BD57B7 /* Dhoni.jpeg */ = {isa = PBXFileReference; lastKnownFileType = image.jpeg; path = Dhoni.jpeg; sourceTree = "<group>"; };
		3FFB9CE41F077EEA00BD57B7 /* jadhav.jpg */ = {isa = PBXFileReference; lastKnownFileType = image.jpeg; path = jadhav.jpg; sourceTree = "<group>"; };
		3FFB9CE51F077EEA00BD57B7 /* Virat.jpeg */ = {isa = PBXFileReference; lastKnownFileType = image.jpeg; path = Virat.jpeg; sourceTree = "<group>"; };
		3FFB9CE61F077EEA00BD57B7 /* yuvi.jpeg */ = {isa = PBXFileReference; lastKnownFileType = image.jpeg; path = yuvi.jpeg; sourceTree = "<group>"; };
		3FFCB8161F075ED100E592B1 /* MYTableViewCRUD.app */ = {isa = PBXFileReference; explicitFileType = wrapper.application; includeInIndex = 0; path = MYTableViewCRUD.app; sourceTree = BUILT_PRODUCTS_DIR; };
		3FFCB81A1F075ED100E592B1 /* main.m */ = {isa = PBXFileReference; lastKnownFileType = sourcecode.c.objc; path = main.m; sourceTree = "<group>"; };
		3FFCB81C1F075ED100E592B1 /* AppDelegate.h */ = {isa = PBXFileReference; lastKnownFileType = sourcecode.c.h; path = AppDelegate.h; sourceTree = "<group>"; };
		3FFCB81D1F075ED100E592B1 /* AppDelegate.m */ = {isa = PBXFileReference; lastKnownFileType = sourcecode.c.objc; path = AppDelegate.m; sourceTree = "<group>"; };
		3FFCB81F1F075ED100E592B1 /* ViewController.h */ = {isa = PBXFileReference; lastKnownFileType = sourcecode.c.h; path = ViewController.h; sourceTree = "<group>"; };
		3FFCB8201F075ED100E592B1 /* ViewController.m */ = {isa = PBXFileReference; lastKnownFileType = sourcecode.c.objc; path = ViewController.m; sourceTree = "<group>"; };
		3FFCB8231F075ED100E592B1 /* Base */ = {isa = PBXFileReference; lastKnownFileType = file.storyboard; name = Base; path = Base.lproj/Main.storyboard; sourceTree = "<group>"; };
		3FFCB8251F075ED100E592B1 /* Assets.xcassets */ = {isa = PBXFileReference; lastKnownFileType = folder.assetcatalog; path = Assets.xcassets; sourceTree = "<group>"; };
		3FFCB8281F075ED100E592B1 /* Base */ = {isa = PBXFileReference; lastKnownFileType = file.storyboard; name = Base; path = Base.lproj/LaunchScreen.storyboard; sourceTree = "<group>"; };
		3FFCB82A1F075ED100E592B1 /* Info.plist */ = {isa = PBXFileReference; lastKnownFileType = text.plist.xml; path = Info.plist; sourceTree = "<group>"; };
		3FFCB8301F0766A600E592B1 /* MYTableViewController.h */ = {isa = PBXFileReference; fileEncoding = 4; lastKnownFileType = sourcecode.c.h; path = MYTableViewController.h; sourceTree = "<group>"; };
		3FFCB8311F0766A600E592B1 /* MYTableViewController.m */ = {isa = PBXFileReference; fileEncoding = 4; lastKnownFileType = sourcecode.c.objc; path = MYTableViewController.m; sourceTree = "<group>"; };
		3FFCB8331F07673C00E592B1 /* TollyTableViewCell.h */ = {isa = PBXFileReference; fileEncoding = 4; lastKnownFileType = sourcecode.c.h; path = TollyTableViewCell.h; sourceTree = "<group>"; };
		3FFCB8341F07673C00E592B1 /* TollyTableViewCell.m */ = {isa = PBXFileReference; fileEncoding = 4; lastKnownFileType = sourcecode.c.objc; path = TollyTableViewCell.m; sourceTree = "<group>"; };
/* End PBXFileReference section */

/* Begin PBXFrameworksBuildPhase section */
		3FFCB8131F075ED100E592B1 /* Frameworks */ = {
			isa = PBXFrameworksBuildPhase;
			buildActionMask = 2147483647;
			files = (
			);
			runOnlyForDeploymentPostprocessing = 0;
		};
/* End PBXFrameworksBuildPhase section */

/* Begin PBXGroup section */
		3FFB9CD01F077E5F00BD57B7 /* TWImages */ = {
			isa = PBXGroup;
			children = (
				3FFB9CD11F077E5F00BD57B7 /* Allu Arjun.jpg */,
				3FFB9CD21F077E5F00BD57B7 /* maheshBabu.jpeg */,
				3FFB9CD31F077E5F00BD57B7 /* nani.jpg */,
				3FFB9CD41F077E5F00BD57B7 /* Pawan2.jpeg */,
			);
			path = TWImages;
			sourceTree = "<group>";
		};
		3FFB9CD91F077ED800BD57B7 /* BWImages */ = {
			isa = PBXGroup;
			children = (
				3FFB9CDA1F077ED800BD57B7 /* aamir.jpg */,
				3FFB9CDB1F077ED800BD57B7 /* Hrithik-Roshan.jpg */,
				3FFB9CDC1F077ED800BD57B7 /* john-abraham.png */,
				3FFB9CDD1F077ED800BD57B7 /* salman-khan.jpg */,
			);
			path = BWImages;
			sourceTree = "<group>";
		};
		3FFB9CE21F077EEA00BD57B7 /* Cricket */ = {
			isa = PBXGroup;
			children = (
				3FFB9CE31F077EEA00BD57B7 /* Dhoni.jpeg */,
				3FFB9CE41F077EEA00BD57B7 /* jadhav.jpg */,
				3FFB9CE51F077EEA00BD57B7 /* Virat.jpeg */,
				3FFB9CE61F077EEA00BD57B7 /* yuvi.jpeg */,
			);
			path = Cricket;
			sourceTree = "<group>";
		};
		3FFCB80D1F075ED100E592B1 = {
			isa = PBXGroup;
			children = (
				3FFCB8181F075ED100E592B1 /* MYTableViewCRUD */,
				3FFCB8171F075ED100E592B1 /* Products */,
			);
			sourceTree = "<group>";
		};
		3FFCB8171F075ED100E592B1 /* Products */ = {
			isa = PBXGroup;
			children = (
				3FFCB8161F075ED100E592B1 /* MYTableViewCRUD.app */,
			);
			name = Products;
			sourceTree = "<group>";
		};
		3FFCB8181F075ED100E592B1 /* MYTableViewCRUD */ = {
			isa = PBXGroup;
			children = (
				3FFB9CD01F077E5F00BD57B7 /* TWImages */,
				3FFB9CD91F077ED800BD57B7 /* BWImages */,
				3FFB9CE21F077EEA00BD57B7 /* Cricket */,
				3FFCB81C1F075ED100E592B1 /* AppDelegate.h */,
				3FFCB81D1F075ED100E592B1 /* AppDelegate.m */,
				3FFCB81F1F075ED100E592B1 /* ViewController.h */,
				3FFCB8201F075ED100E592B1 /* ViewController.m */,
				3FFCB8221F075ED100E592B1 /* Main.storyboard */,
				3FFCB8251F075ED100E592B1 /* Assets.xcassets */,
				3FFCB8271F075ED100E592B1 /* LaunchScreen.storyboard */,
				3FFCB82A1F075ED100E592B1 /* Info.plist */,
				3FFCB8191F075ED100E592B1 /* Supporting Files */,
				3FFCB8301F0766A600E592B1 /* MYTableViewController.h */,
				3FFCB8311F0766A600E592B1 /* MYTableViewController.m */,
				3FFCB8331F07673C00E592B1 /* TollyTableViewCell.h */,
				3FFCB8341F07673C00E592B1 /* TollyTableViewCell.m */,
				3FFB9CCA1F0778E900BD57B7 /* BollyTableViewCell.h */,
				3FFB9CCB1F0778E900BD57B7 /* BollyTableViewCell.m */,
				3FFB9CCD1F07791500BD57B7 /* CricketTableViewCell.h */,
				3FFB9CCE1F07791500BD57B7 /* CricketTableViewCell.m */,
				3F1425521F07DAB500BF3088 /* WebViewController.h */,
				3F1425531F07DAB500BF3088 /* WebViewController.m */,
			);
			path = MYTableViewCRUD;
			sourceTree = "<group>";
		};
		3FFCB8191F075ED100E592B1 /* Supporting Files */ = {
			isa = PBXGroup;
			children = (
				3FFCB81A1F075ED100E592B1 /* main.m */,
			);
			name = "Supporting Files";
			sourceTree = "<group>";
		};
/* End PBXGroup section */

/* Begin PBXNativeTarget section */
		3FFCB8151F075ED100E592B1 /* MYTableViewCRUD */ = {
			isa = PBXNativeTarget;
			buildConfigurationList = 3FFCB82D1F075ED100E592B1 /* Build configuration list for PBXNativeTarget "MYTableViewCRUD" */;
			buildPhases = (
				3FFCB8121F075ED100E592B1 /* Sources */,
				3FFCB8131F075ED100E592B1 /* Frameworks */,
				3FFCB8141F075ED100E592B1 /* Resources */,
			);
			buildRules = (
			);
			dependencies = (
			);
			name = MYTableViewCRUD;
			productName = MYTableViewCRUD;
			productReference = 3FFCB8161F075ED100E592B1 /* MYTableViewCRUD.app */;
			productType = "com.apple.product-type.application";
		};
/* End PBXNativeTarget section */

/* Begin PBXProject section */
		3FFCB80E1F075ED100E592B1 /* Project object */ = {
			isa = PBXProject;
			attributes = {
				LastUpgradeCheck = 0820;
				ORGANIZATIONNAME = student;
				TargetAttributes = {
					3FFCB8151F075ED100E592B1 = {
						CreatedOnToolsVersion = 8.2.1;
						ProvisioningStyle = Automatic;
					};
				};
			};
			buildConfigurationList = 3FFCB8111F075ED100E592B1 /* Build configuration list for PBXProject "MYTableViewCRUD" */;
			compatibilityVersion = "Xcode 3.2";
			developmentRegion = English;
			hasScannedForEncodings = 0;
			knownRegions = (
				en,
				Base,
			);
			mainGroup = 3FFCB80D1F075ED100E592B1;
			productRefGroup = 3FFCB8171F075ED100E592B1 /* Products */;
			projectDirPath = "";
			projectRoot = "";
			targets = (
				3FFCB8151F075ED100E592B1 /* MYTableViewCRUD */,
			);
		};
/* End PBXProject section */

/* Begin PBXResourcesBuildPhase section */
		3FFCB8141F075ED100E592B1 /* Resources */ = {
			isa = PBXResourcesBuildPhase;
			buildActionMask = 2147483647;
			files = (
				3FFB9CD61F077E5F00BD57B7 /* maheshBabu.jpeg in Resources */,
				3FFB9CD71F077E5F00BD57B7 /* nani.jpg in Resources */,
				3FFB9CDE1F077ED800BD57B7 /* aamir.jpg in Resources */,
				3FFB9CE11F077ED800BD57B7 /* salman-khan.jpg in Resources */,
				3FFB9CE71F077EEA00BD57B7 /* Dhoni.jpeg in Resources */,
				3FFB9CE81F077EEA00BD57B7 /* jadhav.jpg in Resources */,
				3FFB9CE01F077ED800BD57B7 /* john-abraham.png in Resources */,
				3FFCB8291F075ED100E592B1 /* LaunchScreen.storyboard in Resources */,
				3FFB9CDF1F077ED800BD57B7 /* Hrithik-Roshan.jpg in Resources */,
				3FFB9CEA1F077EEA00BD57B7 /* yuvi.jpeg in Resources */,
				3FFCB8261F075ED100E592B1 /* Assets.xcassets in Resources */,
				3FFB9CD81F077E5F00BD57B7 /* Pawan2.jpeg in Resources */,
				3FFCB8241F075ED100E592B1 /* Main.storyboard in Resources */,
				3FFB9CE91F077EEA00BD57B7 /* Virat.jpeg in Resources */,
				3FFB9CD51F077E5F00BD57B7 /* Allu Arjun.jpg in Resources */,
			);
			runOnlyForDeploymentPostprocessing = 0;
		};
/* End PBXResourcesBuildPhase section */

/* Begin PBXSourcesBuildPhase section */
		3FFCB8121F075ED100E592B1 /* Sources */ = {
			isa = PBXSourcesBuildPhase;
			buildActionMask = 2147483647;
			files = (
				3FFCB8211F075ED100E592B1 /* ViewController.m in Sources */,
				3FFCB81E1F075ED100E592B1 /* AppDelegate.m in Sources */,
				3FFB9CCC1F0778E900BD57B7 /* BollyTableViewCell.m in Sources */,
				3F1425541F07DAB500BF3088 /* WebViewController.m in Sources */,
				3FFCB8351F07673C00E592B1 /* TollyTableViewCell.m in Sources */,
				3FFCB81B1F075ED100E592B1 /* main.m in Sources */,
				3FFCB8321F0766A600E592B1 /* MYTableViewController.m in Sources */,
				3FFB9CCF1F07791500BD57B7 /* CricketTableViewCell.m in Sources */,
			);
			runOnlyForDeploymentPostprocessing = 0;
		};
/* End PBXSourcesBuildPhase section */

/* Begin PBXVariantGroup section */
		3FFCB8221F075ED100E592B1 /* Main.storyboard */ = {
			isa = PBXVariantGroup;
			children = (
				3FFCB8231F075ED100E592B1 /* Base */,
			);
			name = Main.storyboard;
			sourceTree = "<group>";
		};
		3FFCB8271F075ED100E592B1 /* LaunchScreen.storyboard */ = {
			isa = PBXVariantGroup;
			children = (
				3FFCB8281F075ED100E592B1 /* Base */,
			);
			name = LaunchScreen.storyboard;
			sourceTree = "<group>";
		};
/* End PBXVariantGroup section */

/* Begin XCBuildConfiguration section */
		3FFCB82B1F075ED100E592B1 /* Debug */ = {
			isa = XCBuildConfiguration;
			buildSettings = {
				ALWAYS_SEARCH_USER_PATHS = NO;
				CLANG_ANALYZER_NONNULL = YES;
				CLANG_CXX_LANGUAGE_STANDARD = "gnu++0x";
				CLANG_CXX_LIBRARY = "libc++";
				CLANG_ENABLE_MODULES = YES;
				CLANG_ENABLE_OBJC_ARC = YES;
				CLANG_WARN_BOOL_CONVERSION = YES;
				CLANG_WARN_CONSTANT_CONVERSION = YES;
				CLANG_WARN_DIRECT_OBJC_ISA_USAGE = YES_ERROR;
				CLANG_WARN_DOCUMENTATION_COMMENTS = YES;
				CLANG_WARN_EMPTY_BODY = YES;
				CLANG_WARN_ENUM_CONVERSION = YES;
				CLANG_WARN_INFINITE_RECURSION = YES;
				CLANG_WARN_INT_CONVERSION = YES;
				CLANG_WARN_OBJC_ROOT_CLASS = YES_ERROR;
				CLANG_WARN_SUSPICIOUS_MOVE = YES;
				CLANG_WARN_UNREACHABLE_CODE = YES;
				CLANG_WARN__DUPLICATE_METHOD_MATCH = YES;
				"CODE_SIGN_IDENTITY[sdk=iphoneos*]" = "iPhone Developer";
				COPY_PHASE_STRIP = NO;
				DEBUG_INFORMATION_FORMAT = dwarf;
				ENABLE_STRICT_OBJC_MSGSEND = YES;
				ENABLE_TESTABILITY = YES;
				GCC_C_LANGUAGE_STANDARD = gnu99;
				GCC_DYNAMIC_NO_PIC = NO;
				GCC_NO_COMMON_BLOCKS = YES;
				GCC_OPTIMIZATION_LEVEL = 0;
				GCC_PREPROCESSOR_DEFINITIONS = (
					"DEBUG=1",
					"$(inherited)",
				);
				GCC_WARN_64_TO_32_BIT_CONVERSION = YES;
				GCC_WARN_ABOUT_RETURN_TYPE = YES_ERROR;
				GCC_WARN_UNDECLARED_SELECTOR = YES;
				GCC_WARN_UNINITIALIZED_AUTOS = YES_AGGRESSIVE;
				GCC_WARN_UNUSED_FUNCTION = YES;
				GCC_WARN_UNUSED_VARIABLE = YES;
				IPHONEOS_DEPLOYMENT_TARGET = 10.2;
				MTL_ENABLE_DEBUG_INFO = YES;
				ONLY_ACTIVE_ARCH = YES;
				SDKROOT = iphoneos;
			};
			name = Debug;
		};
		3FFCB82C1F075ED100E592B1 /* Release */ = {
			isa = XCBuildConfiguration;
			buildSettings = {
				ALWAYS_SEARCH_USER_PATHS = NO;
				CLANG_ANALYZER_NONNULL = YES;
				CLANG_CXX_LANGUAGE_STANDARD = "gnu++0x";
				CLANG_CXX_LIBRARY = "libc++";
				CLANG_ENABLE_MODULES = YES;
				CLANG_ENABLE_OBJC_ARC = YES;
				CLANG_WARN_BOOL_CONVERSION = YES;
				CLANG_WARN_CONSTANT_CONVERSION = YES;
				CLANG_WARN_DIRECT_OBJC_ISA_USAGE = YES_ERROR;
				CLANG_WARN_DOCUMENTATION_COMMENTS = YES;
				CLANG_WARN_EMPTY_BODY = YES;
				CLANG_WARN_ENUM_CONVERSION = YES;
				CLANG_WARN_INFINITE_RECURSION = YES;
				CLANG_WARN_INT_CONVERSION = YES;
				CLANG_WARN_OBJC_ROOT_CLASS = YES_ERROR;
				CLANG_WARN_SUSPICIOUS_MOVE = YES;
				CLANG_WARN_UNREACHABLE_CODE = YES;
				CLANG_WARN__DUPLICATE_METHOD_MATCH = YES;
				"CODE_SIGN_IDENTITY[sdk=iphoneos*]" = "iPhone Developer";
				COPY_PHASE_STRIP = NO;
				DEBUG_INFORMATION_FORMAT = "dwarf-with-dsym";
				ENABLE_NS_ASSERTIONS = NO;
				ENABLE_STRICT_OBJC_MSGSEND = YES;
				GCC_C_LANGUAGE_STANDARD = gnu99;
				GCC_NO_COMMON_BLOCKS = YES;
				GCC_WARN_64_TO_32_BIT_CONVERSION = YES;
				GCC_WARN_ABOUT_RETURN_TYPE = YES_ERROR;
				GCC_WARN_UNDECLARED_SELECTOR = YES;
				GCC_WARN_UNINITIALIZED_AUTOS = YES_AGGRESSIVE;
				GCC_WARN_UNUSED_FUNCTION = YES;
				GCC_WARN_UNUSED_VARIABLE = YES;
				IPHONEOS_DEPLOYMENT_TARGET = 10.2;
				MTL_ENABLE_DEBUG_INFO = NO;
				SDKROOT = iphoneos;
				VALIDATE_PRODUCT = YES;
			};
			name = Release;
		};
		3FFCB82E1F075ED100E592B1 /* Debug */ = {
			isa = XCBuildConfiguration;
			buildSettings = {
				ASSETCATALOG_COMPILER_APPICON_NAME = AppIcon;
				INFOPLIST_FILE = MYTableViewCRUD/Info.plist;
				LD_RUNPATH_SEARCH_PATHS = "$(inherited) @executable_path/Frameworks";
				PRODUCT_BUNDLE_IDENTIFIER = pp.MYTableViewCRUD;
				PRODUCT_NAME = "$(TARGET_NAME)";
			};
			name = Debug;
		};
		3FFCB82F1F075ED100E592B1 /* Release */ = {
			isa = XCBuildConfiguration;
			buildSettings = {
				ASSETCATALOG_COMPILER_APPICON_NAME = AppIcon;
				INFOPLIST_FILE = MYTableViewCRUD/Info.plist;
				LD_RUNPATH_SEARCH_PATHS = "$(inherited) @executable_path/Frameworks";
				PRODUCT_BUNDLE_IDENTIFIER = pp.MYTableViewCRUD;
				PRODUCT_NAME = "$(TARGET_NAME)";
			};
			name = Release;
		};
/* End XCBuildConfiguration section */

/* Begin XCConfigurationList section */
		3FFCB8111F075ED100E592B1 /* Build configuration list for PBXProject "MYTableViewCRUD" */ = {
			isa = XCConfigurationList;
			buildConfigurations = (
				3FFCB82B1F075ED100E592B1 /* Debug */,
				3FFCB82C1F075ED100E592B1 /* Release */,
			);
			defaultConfigurationIsVisible = 0;
			defaultConfigurationName = Release;
		};
		3FFCB82D1F075ED100E592B1 /* Build configuration list for PBXNativeTarget "MYTableViewCRUD" */ = {
			isa = XCConfigurationList;
			buildConfigurations = (
				3FFCB82E1F075ED100E592B1 /* Debug */,
				3FFCB82F1F075ED100E592B1 /* Release */,
			);
			defaultConfigurationIsVisible = 0;
			defaultConfigurationName = Release;
		};
/* End XCConfigurationList section */
	};
	rootObject = 3FFCB80E1F075ED100E592B1 /* Project object */;
}
